
Microsoft Visual Studio Solution File, Format Version 12.00
# Visual Studio Version 17
VisualStudioVersion = 17.1.32414.318
MinimumVisualStudioVersion = 10.0.40219.1
Project("{2150E333-8FDC-42A3-9474-1A3956D46DE8}") = "Tests", "Tests", "{B042BD68-222C-4532-88E6-6F3D0AA4B62F}"
EndProject
Project("{9A19103F-16F7-4668-BE54-9A1E7A4F7556}") = "SuperOffice.SystemUser.Client", "SuperOffice.SystemUserClient\SuperOffice.SystemUser.Client.csproj", "{BEF739CE-BC95-4245-B8E5-1A472DEEDC6C}"
EndProject
Project("{9A19103F-16F7-4668-BE54-9A1E7A4F7556}") = "Test.SystemUserClient", "..\tests\Test.SystemUserClient\Test.SystemUserClient.csproj", "{D14CB2E2-CD87-4EED-9CDD-292D24D7661F}"
EndProject
Global
	GlobalSection(SolutionConfigurationPlatforms) = preSolution
		Debug|Any CPU = Debug|Any CPU
		Release|Any CPU = Release|Any CPU
	EndGlobalSection
	GlobalSection(ProjectConfigurationPlatforms) = postSolution
		{BEF739CE-BC95-4245-B8E5-1A472DEEDC6C}.Debug|Any CPU.ActiveCfg = Debug|Any CPU
		{BEF739CE-BC95-4245-B8E5-1A472DEEDC6C}.Debug|Any CPU.Build.0 = Debug|Any CPU
		{BEF739CE-BC95-4245-B8E5-1A472DEEDC6C}.Release|Any CPU.ActiveCfg = Release|Any CPU
		{BEF739CE-BC95-4245-B8E5-1A472DEEDC6C}.Release|Any CPU.Build.0 = Release|Any CPU
		{D14CB2E2-CD87-4EED-9CDD-292D24D7661F}.Debug|Any CPU.ActiveCfg = Debug|Any CPU
		{D14CB2E2-CD87-4EED-9CDD-292D24D7661F}.Debug|Any CPU.Build.0 = Debug|Any CPU
		{D14CB2E2-CD87-4EED-9CDD-292D24D7661F}.Release|Any CPU.ActiveCfg = Release|Any CPU
		{D14CB2E2-CD87-4EED-9CDD-292D24D7661F}.Release|Any CPU.Build.0 = Release|Any CPU
	EndGlobalSection
	GlobalSection(SolutionProperties) = preSolution
		HideSolutionNode = FALSE
	EndGlobalSection
	GlobalSection(NestedProjects) = preSolution
		{D14CB2E2-CD87-4EED-9CDD-292D24D7661F} = {B042BD68-222C-4532-88E6-6F3D0AA4B62F}
	EndGlobalSection
	GlobalSection(ExtensibilityGlobals) = postSolution
		SolutionGuid = {E86B52C7-A548-45C7-8392-2309964F2E2E}
	EndGlobalSection
EndGlobal
